// !$*UTF8*$!
{
	archiveVersion = 1;
	classes = {
	};
	objectVersion = 77;
	objects = {

/* Begin PBXContainerItemProxy section */
		B77C36332F0D41B7001D1920 /* PBXContainerItemProxy */ = {
			isa = PBXContainerItemProxy;
			containerPortal = B77C36142F0D41B3001D1920 /* Project object */;
			proxyType = 1;
			remoteGlobalIDString = B77C361B2F0D41B3001D1920;
			remoteInfo = "04-App-Development-Swift";
		};
		B77C363D2F0D41B7001D1920 /* PBXContainerItemProxy */ = {
			isa = PBXContainerItemProxy;
			containerPortal = B77C36142F0D41B3001D1920 /* Project object */;
			proxyType = 1;
			remoteGlobalIDString = B77C361B2F0D41B3001D1920;
			remoteInfo = "04-App-Development-Swift";
		};
/* End PBXContainerItemProxy section */

/* Begin PBXFileReference section */
		B77C361C2F0D41B3001D1920 /* 04-App-Development-Swift.app */ = {isa = PBXFileReference; explicitFileType = wrapper.application; includeInIndex = 0; path = "04-App-Development-Swift.app"; sourceTree = BUILT_PRODUCTS_DIR; };
		B77C36322F0D41B7001D1920 /* 04-App-Development-SwiftTests.xctest */ = {isa = PBXFileReference; explicitFileType = wrapper.cfbundle; includeInIndex = 0; path = "04-App-Development-SwiftTests.xctest"; sourceTree = BUILT_PRODUCTS_DIR; };
		B77C363C2F0D41B7001D1920 /* 04-App-Development-SwiftUITests.xctest */ = {isa = PBXFileReference; explicitFileType = wrapper.cfbundle; includeInIndex = 0; path = "04-App-Development-SwiftUITests.xctest"; sourceTree = BUILT_PRODUCTS_DIR; };
/* End PBXFileReference section */

/* Begin PBXFileSystemSynchronizedBuildFileExceptionSet section */
		B77C36442F0D41B7001D1920 /* Exceptions for "04-App-Development-Swift" folder in "04-App-Development-Swift" target */ = {
			isa = PBXFileSystemSynchronizedBuildFileExceptionSet;
			membershipExceptions = (
				Info.plist,
			);
			target = B77C361B2F0D41B3001D1920 /* 04-App-Development-Swift */;
		};
/* End PBXFileSystemSynchronizedBuildFileExceptionSet section */

/* Begin PBXFileSystemSynchronizedRootGroup section */
		B77C361E2F0D41B3001D1920 /* 04-App-Development-Swift */ = {
			isa = PBXFileSystemSynchronizedRootGroup;
			exceptions = (
				B77C36442F0D41B7001D1920 /* Exceptions for "04-App-Development-Swift" folder in "04-App-Development-Swift" target */,
			);
			path = "04-App-Development-Swift";
			sourceTree = "<group>";
		};
		B77C36352F0D41B7001D1920 /* 04-App-Development-SwiftTests */ = {
			isa = PBXFileSystemSynchronizedRootGroup;
			path = "04-App-Development-SwiftTests";
			sourceTree = "<group>";
		};
		B77C363F2F0D41B7001D1920 /* 04-App-Development-SwiftUITests */ = {
			isa = PBXFileSystemSynchronizedRootGroup;
			path = "04-App-Development-SwiftUITests";
			sourceTree = "<group>";
		};
/* End PBXFileSystemSynchronizedRootGroup section */

/* Begin PBXFrameworksBuildPhase section */
		B77C36192F0D41B3001D1920 /* Frameworks */ = {
			isa = PBXFrameworksBuildPhase;
			buildActionMask = 2147483647;
			files = (
			);
			runOnlyForDeploymentPostprocessing = 0;
		};
		B77C362F2F0D41B7001D1920 /* Frameworks */ = {
			isa = PBXFrameworksBuildPhase;
			buildActionMask = 2147483647;
			files = (
			);
			runOnlyForDeploymentPostprocessing = 0;
		};
		B77C36392F0D41B7001D1920 /* Frameworks */ = {
			isa = PBXFrameworksBuildPhase;
			buildActionMask = 2147483647;
			files = (
			);
			runOnlyForDeploymentPostprocessing = 0;
		};
/* End PBXFrameworksBuildPhase section */

/* Begin PBXGroup section */
		B77C36132F0D41B3001D1920 = {
			isa = PBXGroup;
			children = (
				B77C361E2F0D41B3001D1920 /* 04-App-Development-Swift */,
				B77C36352F0D41B7001D1920 /* 04-App-Development-SwiftTests */,
				B77C363F2F0D41B7001D1920 /* 04-App-Development-SwiftUITests */,
				B77C361D2F0D41B3001D1920 /* Products */,
			);
			sourceTree = "<group>";
		};
		B77C361D2F0D41B3001D1920 /* Products */ = {
			isa = PBXGroup;
			children = (
				B77C361C2F0D41B3001D1920 /* 04-App-Development-Swift.app */,
				B77C36322F0D41B7001D1920 /* 04-App-Development-SwiftTests.xctest */,
				B77C363C2F0D41B7001D1920 /* 04-App-Development-SwiftUITests.xctest */,
			);
			name = Products;
			sourceTree = "<group>";
		};
/* End PBXGroup section */

/* Begin PBXNativeTarget section */
		B77C361B2F0D41B3001D1920 /* 04-App-Development-Swift */ = {
			isa = PBXNativeTarget;
			buildConfigurationList = B77C36452F0D41B7001D1920 /* Build configuration list for PBXNativeTarget "04-App-Development-Swift" */;
			buildPhases = (
				B77C36182F0D41B3001D1920 /* Sources */,
				B77C36192F0D41B3001D1920 /* Frameworks */,
				B77C361A2F0D41B3001D1920 /* Resources */,
			);
			buildRules = (
			);
			dependencies = (
			);
			fileSystemSynchronizedGroups = (
				B77C361E2F0D41B3001D1920 /* 04-App-Development-Swift */,
			);
			name = "04-App-Development-Swift";
			packageProductDependencies = (
			);
			productName = "04-App-Development-Swift";
			productReference = B77C361C2F0D41B3001D1920 /* 04-App-Development-Swift.app */;
			productType = "com.apple.product-type.application";
		};
		B77C36312F0D41B7001D1920 /* 04-App-Development-SwiftTests */ = {
			isa = PBXNativeTarget;
			buildConfigurationList = B77C364A2F0D41B7001D1920 /* Build configuration list for PBXNativeTarget "04-App-Development-SwiftTests" */;
			buildPhases = (
				B77C362E2F0D41B7001D1920 /* Sources */,
				B77C362F2F0D41B7001D1920 /* Frameworks */,
				B77C36302F0D41B7001D1920 /* Resources */,
			);
			buildRules = (
			);
			dependencies = (
				B77C36342F0D41B7001D1920 /* PBXTargetDependency */,
			);
			fileSystemSynchronizedGroups = (
				B77C36352F0D41B7001D1920 /* 04-App-Development-SwiftTests */,
			);
			name = "04-App-Development-SwiftTests";
			packageProductDependencies = (
			);
			productName = "04-App-Development-SwiftTests";
			productReference = B77C36322F0D41B7001D1920 /* 04-App-Development-SwiftTests.xctest */;
			productType = "com.apple.product-type.bundle.unit-test";
		};
		B77C363B2F0D41B7001D1920 /* 04-App-Development-SwiftUITests */ = {
			isa = PBXNativeTarget;
			buildConfigurationList = B77C364D2F0D41B7001D1920 /* Build configuration list for PBXNativeTarget "04-App-Development-SwiftUITests" */;
			buildPhases = (
				B77C36382F0D41B7001D1920 /* Sources */,
				B77C36392F0D41B7001D1920 /* Frameworks */,
				B77C363A2F0D41B7001D1920 /* Resources */,
			);
			buildRules = (
			);
			dependencies = (
				B77C363E2F0D41B7001D1920 /* PBXTargetDependency */,
			);
			fileSystemSynchronizedGroups = (
				B77C363F2F0D41B7001D1920 /* 04-App-Development-SwiftUITests */,
			);
			name = "04-App-Development-SwiftUITests";
			packageProductDependencies = (
			);
			productName = "04-App-Development-SwiftUITests";
			productReference = B77C363C2F0D41B7001D1920 /* 04-App-Development-SwiftUITests.xctest */;
			productType = "com.apple.product-type.bundle.ui-testing";
		};
/* End PBXNativeTarget section */

/* Begin PBXProject section */
		B77C36142F0D41B3001D1920 /* Project object */ = {
			isa = PBXProject;
			attributes = {
				BuildIndependentTargetsInParallel = 1;
				LastSwiftUpdateCheck = 2620;
				LastUpgradeCheck = 2620;
				TargetAttributes = {
					B77C361B2F0D41B3001D1920 = {
						CreatedOnToolsVersion = 26.2;
					};
					B77C36312F0D41B7001D1920 = {
						CreatedOnToolsVersion = 26.2;
						TestTargetID = B77C361B2F0D41B3001D1920;
					};
					B77C363B2F0D41B7001D1920 = {
						CreatedOnToolsVersion = 26.2;
						TestTargetID = B77C361B2F0D41B3001D1920;
					};
				};
			};
			buildConfigurationList = B77C36172F0D41B3001D1920 /* Build configuration list for PBXProject "04-App-Development-Swift" */;
			developmentRegion = en;
			hasScannedForEncodings = 0;
			knownRegions = (
				en,
				Base,
			);
			mainGroup = B77C36132F0D41B3001D1920;
			minimizedProjectReferenceProxies = 1;
			preferredProjectObjectVersion = 77;
			productRefGroup = B77C361D2F0D41B3001D1920 /* Products */;
			projectDirPath = "";
			projectRoot = "";
			targets = (
				B77C361B2F0D41B3001D1920 /* 04-App-Development-Swift */,
				B77C36312F0D41B7001D1920 /* 04-App-Development-SwiftTests */,
				B77C363B2F0D41B7001D1920 /* 04-App-Development-SwiftUITests */,
			);
		};
/* End PBXProject section */

/* Begin PBXResourcesBuildPhase section */
		B77C361A2F0D41B3001D1920 /* Resources */ = {
			isa = PBXResourcesBuildPhase;
			buildActionMask = 2147483647;
			files = (
			);
			runOnlyForDeploymentPostprocessing = 0;
		};
		B77C36302F0D41B7001D1920 /* Resources */ = {
			isa = PBXResourcesBuildPhase;
			buildActionMask = 2147483647;
			files = (
			);
			runOnlyForDeploymentPostprocessing = 0;
		};
		B77C363A2F0D41B7001D1920 /* Resources */ = {
			isa = PBXResourcesBuildPhase;
			buildActionMask = 2147483647;
			files = (
			);
			runOnlyForDeploymentPostprocessing = 0;
		};
/* End PBXResourcesBuildPhase section */

/* Begin PBXSourcesBuildPhase section */
		B77C36182F0D41B3001D1920 /* Sources */ = {
			isa = PBXSourcesBuildPhase;
			buildActionMask = 2147483647;
			files = (
			);
			runOnlyForDeploymentPostprocessing = 0;
		};
		B77C362E2F0D41B7001D1920 /* Sources */ = {
			isa = PBXSourcesBuildPhase;
			buildActionMask = 2147483647;
			files = (
			);
			runOnlyForDeploymentPostprocessing = 0;
		};
		B77C36382F0D41B7001D1920 /* Sources */ = {
			isa = PBXSourcesBuildPhase;
			buildActionMask = 2147483647;
			files = (
			);
			runOnlyForDeploymentPostprocessing = 0;
		};
/* End PBXSourcesBuildPhase section */

/* Begin PBXTargetDependency section */
		B77C36342F0D41B7001D1920 /* PBXTargetDependency */ = {
			isa = PBXTargetDependency;
			target = B77C361B2F0D41B3001D1920 /* 04-App-Development-Swift */;
			targetProxy = B77C36332F0D41B7001D1920 /* PBXContainerItemProxy */;
		};
		B77C363E2F0D41B7001D1920 /* PBXTargetDependency */ = {
			isa = PBXTargetDependency;
			target = B77C361B2F0D41B3001D1920 /* 04-App-Development-Swift */;
			targetProxy = B77C363D2F0D41B7001D1920 /* PBXContainerItemProxy */;
		};
/* End PBXTargetDependency section */

/* Begin XCBuildConfiguration section */
		B77C36462F0D41B7001D1920 /* Debug */ = {
			isa = XCBuildConfiguration;
			buildSettings = {
				ASSETCATALOG_COMPILER_APPICON_NAME = AppIcon;
				ASSETCATALOG_COMPILER_GLOBAL_ACCENT_COLOR_NAME = AccentColor;
				CODE_SIGN_STYLE = Automatic;
				CURRENT_PROJECT_VERSION = 1;
				GENERATE_INFOPLIST_FILE = YES;
				INFOPLIST_FILE = "04-App-Development-Swift/Info.plist";
				INFOPLIST_KEY_UIApplicationSupportsIndirectInputEvents = YES;
				INFOPLIST_KEY_UILaunchStoryboardName = LaunchScreen;
				INFOPLIST_KEY_UIMainStoryboardFile = Main;
				INFOPLIST_KEY_UISupportedInterfaceOrientations_iPad = "UIInterfaceOrientationPortrait UIInterfaceOrientationPortraitUpsideDown UIInterfaceOrientationLandscapeLeft UIInterfaceOrientationLandscapeRight";
				INFOPLIST_KEY_UISupportedInterfaceOrientations_iPhone = "UIInterfaceOrientationPortrait UIInterfaceOrientationLandscapeLeft UIInterfaceOrientationLandscapeRight";
				LD_RUNPATH_SEARCH_PATHS = (
					"$(inherited)",
					"@executable_path/Frameworks",
				);
				MARKETING_VERSION = 1.0;
				PRODUCT_BUNDLE_IDENTIFIER = "com.example.-4-App-Development-Swift";
				PRODUCT_NAME = "$(TARGET_NAME)";
				STRING_CATALOG_GENERATE_SYMBOLS = YES;
				SWIFT_APPROACHABLE_CONCURRENCY = YES;
				SWIFT_DEFAULT_ACTOR_ISOLATION = MainActor;
				SWIFT_EMIT_LOC_STRINGS = YES;
				SWIFT_UPCOMING_FEATURE_MEMBER_IMPORT_VISIBILITY = YES;
				SWIFT_VERSION = 5.0;
				TARGETED_DEVICE_FAMILY = "1,2";
			};
			name = Debug;
		};
		B77C36472F0D41B7001D1920 /* Release */ = {
			isa = XCBuildConfiguration;
			buildSettings = {
				ASSETCATALOG_COMPILER_APPICON_NAME = AppIcon;
				ASSETCATALOG_COMPILER_GLOBAL_ACCENT_COLOR_NAME = AccentColor;
				CODE_SIGN_STYLE = Automatic;
				CURRENT_PROJECT_VERSION = 1;
				GENERATE_INFOPLIST_FILE = YES;
				INFOPLIST_FILE = "04-App-Development-Swift/Info.plist";
				INFOPLIST_KEY_UIApplicationSupportsIndirectInputEvents = YES;
				INFOPLIST_KEY_UILaunchStoryboardName = LaunchScreen;
				INFOPLIST_KEY_UIMainStoryboardFile = Main;
				INFOPLIST_KEY_UISupportedInterfaceOrientations_iPad = "UIInterfaceOrientationPortrait UIInterfaceOrientationPortraitUpsideDown UIInterfaceOrientationLandscapeLeft UIInterfaceOrientationLandscapeRight";
				INFOPLIST_KEY_UISupportedInterfaceOrientations_iPhone = "UIInterfaceOrientationPortrait UIInterfaceOrientationLandscapeLeft UIInterfaceOrientationLandscapeRight";
				LD_RUNPATH_SEARCH_PATHS = (
					"$(inherited)",
					"@executable_path/Frameworks",
				);
				MARKETING_VERSION = 1.0;
				PRODUCT_BUNDLE_IDENTIFIER = "com.example.-4-App-Development-Swift";
				PRODUCT_NAME = "$(TARGET_NAME)";
				STRING_CATALOG_GENERATE_SYMBOLS = YES;
				SWIFT_APPROACHABLE_CONCURRENCY = YES;
				SWIFT_DEFAULT_ACTOR_ISOLATION = MainActor;
				SWIFT_EMIT_LOC_STRINGS = YES;
				SWIFT_UPCOMING_FEATURE_MEMBER_IMPORT_VISIBILITY = YES;
				SWIFT_VERSION = 5.0;
				TARGETED_DEVICE_FAMILY = "1,2";
			};
			name = Release;
		};
		B77C36482F0D41B7001D1920 /* Debug */ = {
			isa = XCBuildConfiguration;
			buildSettings = {
				ALWAYS_SEARCH_USER_PATHS = NO;
				ASSETCATALOG_COMPILER_GENERATE_SWIFT_ASSET_SYMBOL_EXTENSIONS = YES;
				CLANG_ANALYZER_NONNULL = YES;
				CLANG_ANALYZER_NUMBER_OBJECT_CONVERSION = YES_AGGRESSIVE;
				CLANG_CXX_LANGUAGE_STANDARD = "gnu++20";
				CLANG_ENABLE_MODULES = YES;
				CLANG_ENABLE_OBJC_ARC = YES;
				CLANG_ENABLE_OBJC_WEAK = YES;
				CLANG_WARN_BLOCK_CAPTURE_AUTORELEASING = YES;
				CLANG_WARN_BOOL_CONVERSION = YES;
				CLANG_WARN_COMMA = YES;
				CLANG_WARN_CONSTANT_CONVERSION = YES;
				CLANG_WARN_DEPRECATED_OBJC_IMPLEMENTATIONS = YES;
				CLANG_WARN_DIRECT_OBJC_ISA_USAGE = YES_ERROR;
				CLANG_WARN_DOCUMENTATION_COMMENTS = YES;
				CLANG_WARN_EMPTY_BODY = YES;
				CLANG_WARN_ENUM_CONVERSION = YES;
				CLANG_WARN_INFINITE_RECURSION = YES;
				CLANG_WARN_INT_CONVERSION = YES;
				CLANG_WARN_NON_LITERAL_NULL_CONVERSION = YES;
				CLANG_WARN_OBJC_IMPLICIT_RETAIN_SELF = YES;
				CLANG_WARN_OBJC_LITERAL_CONVERSION = YES;
				CLANG_WARN_OBJC_ROOT_CLASS = YES_ERROR;
				CLANG_WARN_QUOTED_INCLUDE_IN_FRAMEWORK_HEADER = YES;
				CLANG_WARN_RANGE_LOOP_ANALYSIS = YES;
				CLANG_WARN_STRICT_PROTOTYPES = YES;
				CLANG_WARN_SUSPICIOUS_MOVE = YES;
				CLANG_WARN_UNGUARDED_AVAILABILITY = YES_AGGRESSIVE;
				CLANG_WARN_UNREACHABLE_CODE = YES;
				CLANG_WARN__DUPLICATE_METHOD_MATCH = YES;
				COPY_PHASE_STRIP = NO;
				DEBUG_INFORMATION_FORMAT = dwarf;
				ENABLE_STRICT_OBJC_MSGSEND = YES;
				ENABLE_TESTABILITY = YES;
				ENABLE_USER_SCRIPT_SANDBOXING = YES;
				GCC_C_LANGUAGE_STANDARD = gnu17;
				GCC_DYNAMIC_NO_PIC = NO;
				GCC_NO_COMMON_BLOCKS = YES;
				GCC_OPTIMIZATION_LEVEL = 0;
				GCC_PREPROCESSOR_DEFINITIONS = (
					"DEBUG=1",
					"$(inherited)",
				);
				GCC_WARN_64_TO_32_BIT_CONVERSION = YES;
				GCC_WARN_ABOUT_RETURN_TYPE = YES_ERROR;
				GCC_WARN_UNDECLARED_SELECTOR = YES;
				GCC_WARN_UNINITIALIZED_AUTOS = YES_AGGRESSIVE;
				GCC_WARN_UNUSED_FUNCTION = YES;
				GCC_WARN_UNUSED_VARIABLE = YES;
				IPHONEOS_DEPLOYMENT_TARGET = 26.2;
				LOCALIZATION_PREFERS_STRING_CATALOGS = YES;
				MTL_ENABLE_DEBUG_INFO = INCLUDE_SOURCE;
				MTL_FAST_MATH = YES;
				ONLY_ACTIVE_ARCH = YES;
				SDKROOT = iphoneos;
				SWIFT_ACTIVE_COMPILATION_CONDITIONS = "DEBUG $(inherited)";
				SWIFT_OPTIMIZATION_LEVEL = "-Onone";
			};
			name = Debug;
		};
		B77C36492F0D41B7001D1920 /* Release */ = {
			isa = XCBuildConfiguration;
			buildSettings = {
				ALWAYS_SEARCH_USER_PATHS = NO;
				ASSETCATALOG_COMPILER_GENERATE_SWIFT_ASSET_SYMBOL_EXTENSIONS = YES;
				CLANG_ANALYZER_NONNULL = YES;
				CLANG_ANALYZER_NUMBER_OBJECT_CONVERSION = YES_AGGRESSIVE;
				CLANG_CXX_LANGUAGE_STANDARD = "gnu++20";
				CLANG_ENABLE_MODULES = YES;
				CLANG_ENABLE_OBJC_ARC = YES;
				CLANG_ENABLE_OBJC_WEAK = YES;
				CLANG_WARN_BLOCK_CAPTURE_AUTORELEASING = YES;
				CLANG_WARN_BOOL_CONVERSION = YES;
				CLANG_WARN_COMMA = YES;
				CLANG_WARN_CONSTANT_CONVERSION = YES;
				CLANG_WARN_DEPRECATED_OBJC_IMPLEMENTATIONS = YES;
				CLANG_WARN_DIRECT_OBJC_ISA_USAGE = YES_ERROR;
				CLANG_WARN_DOCUMENTATION_COMMENTS = YES;
				CLANG_WARN_EMPTY_BODY = YES;
				CLANG_WARN_ENUM_CONVERSION = YES;
				CLANG_WARN_INFINITE_RECURSION = YES;
				CLANG_WARN_INT_CONVERSION = YES;
				CLANG_WARN_NON_LITERAL_NULL_CONVERSION = YES;
				CLANG_WARN_OBJC_IMPLICIT_RETAIN_SELF = YES;
				CLANG_WARN_OBJC_LITERAL_CONVERSION = YES;
				CLANG_WARN_OBJC_ROOT_CLASS = YES_ERROR;
				CLANG_WARN_QUOTED_INCLUDE_IN_FRAMEWORK_HEADER = YES;
				CLANG_WARN_RANGE_LOOP_ANALYSIS = YES;
				CLANG_WARN_STRICT_PROTOTYPES = YES;
				CLANG_WARN_SUSPICIOUS_MOVE = YES;
				CLANG_WARN_UNGUARDED_AVAILABILITY = YES_AGGRESSIVE;
				CLANG_WARN_UNREACHABLE_CODE = YES;
				CLANG_WARN__DUPLICATE_METHOD_MATCH = YES;
				COPY_PHASE_STRIP = NO;
				DEBUG_INFORMATION_FORMAT = "dwarf-with-dsym";
				ENABLE_NS_ASSERTIONS = NO;
				ENABLE_STRICT_OBJC_MSGSEND = YES;
				ENABLE_USER_SCRIPT_SANDBOXING = YES;
				GCC_C_LANGUAGE_STANDARD = gnu17;
				GCC_NO_COMMON_BLOCKS = YES;
				GCC_WARN_64_TO_32_BIT_CONVERSION = YES;
				GCC_WARN_ABOUT_RETURN_TYPE = YES_ERROR;
				GCC_WARN_UNDECLARED_SELECTOR = YES;
				GCC_WARN_UNINITIALIZED_AUTOS = YES_AGGRESSIVE;
				GCC_WARN_UNUSED_FUNCTION = YES;
				GCC_WARN_UNUSED_VARIABLE = YES;
				IPHONEOS_DEPLOYMENT_TARGET = 26.2;
				LOCALIZATION_PREFERS_STRING_CATALOGS = YES;
				MTL_ENABLE_DEBUG_INFO = NO;
				MTL_FAST_MATH = YES;
				SDKROOT = iphoneos;
				SWIFT_COMPILATION_MODE = wholemodule;
				VALIDATE_PRODUCT = YES;
			};
			name = Release;
		};
		B77C364B2F0D41B7001D1920 /* Debug */ = {
			isa = XCBuildConfiguration;
			buildSettings = {
				BUNDLE_LOADER = "$(TEST_HOST)";
				CODE_SIGN_STYLE = Automatic;
				CURRENT_PROJECT_VERSION = 1;
				GENERATE_INFOPLIST_FILE = YES;
				IPHONEOS_DEPLOYMENT_TARGET = 26.2;
				MARKETING_VERSION = 1.0;
				PRODUCT_BUNDLE_IDENTIFIER = "com.example.-4-App-Development-SwiftTests";
				PRODUCT_NAME = "$(TARGET_NAME)";
				STRING_CATALOG_GENERATE_SYMBOLS = NO;
				SWIFT_APPROACHABLE_CONCURRENCY = YES;
				SWIFT_EMIT_LOC_STRINGS = NO;
				SWIFT_UPCOMING_FEATURE_MEMBER_IMPORT_VISIBILITY = YES;
				SWIFT_VERSION = 5.0;
				TARGETED_DEVICE_FAMILY = "1,2";
				TEST_HOST = "$(BUILT_PRODUCTS_DIR)/04-App-Development-Swift.app/$(BUNDLE_EXECUTABLE_FOLDER_PATH)/04-App-Development-Swift";
			};
			name = Debug;
		};
		B77C364C2F0D41B7001D1920 /* Release */ = {
			isa = XCBuildConfiguration;
			buildSettings = {
				BUNDLE_LOADER = "$(TEST_HOST)";
				CODE_SIGN_STYLE = Automatic;
				CURRENT_PROJECT_VERSION = 1;
				GENERATE_INFOPLIST_FILE = YES;
				IPHONEOS_DEPLOYMENT_TARGET = 26.2;
				MARKETING_VERSION = 1.0;
				PRODUCT_BUNDLE_IDENTIFIER = "com.example.-4-App-Development-SwiftTests";
				PRODUCT_NAME = "$(TARGET_NAME)";
				STRING_CATALOG_GENERATE_SYMBOLS = NO;
				SWIFT_APPROACHABLE_CONCURRENCY = YES;
				SWIFT_EMIT_LOC_STRINGS = NO;
				SWIFT_UPCOMING_FEATURE_MEMBER_IMPORT_VISIBILITY = YES;
				SWIFT_VERSION = 5.0;
				TARGETED_DEVICE_FAMILY = "1,2";
				TEST_HOST = "$(BUILT_PRODUCTS_DIR)/04-App-Development-Swift.app/$(BUNDLE_EXECUTABLE_FOLDER_PATH)/04-App-Development-Swift";
			};
			name = Release;
		};
		B77C364E2F0D41B7001D1920 /* Debug */ = {
			isa = XCBuildConfiguration;
			buildSettings = {
				CODE_SIGN_STYLE = Automatic;
				CURRENT_PROJECT_VERSION = 1;
				GENERATE_INFOPLIST_FILE = YES;
				MARKETING_VERSION = 1.0;
				PRODUCT_BUNDLE_IDENTIFIER = "com.example.-4-App-Development-SwiftUITests";
				PRODUCT_NAME = "$(TARGET_NAME)";
				STRING_CATALOG_GENERATE_SYMBOLS = NO;
				SWIFT_APPROACHABLE_CONCURRENCY = YES;
				SWIFT_EMIT_LOC_STRINGS = NO;
				SWIFT_UPCOMING_FEATURE_MEMBER_IMPORT_VISIBILITY = YES;
				SWIFT_VERSION = 5.0;
				TARGETED_DEVICE_FAMILY = "1,2";
				TEST_TARGET_NAME = "04-App-Development-Swift";
			};
			name = Debug;
		};
		B77C364F2F0D41B7001D1920 /* Release */ = {
			isa = XCBuildConfiguration;
			buildSettings = {
				CODE_SIGN_STYLE = Automatic;
				CURRENT_PROJECT_VERSION = 1;
				GENERATE_INFOPLIST_FILE = YES;
				MARKETING_VERSION = 1.0;
				PRODUCT_BUNDLE_IDENTIFIER = "com.example.-4-App-Development-SwiftUITests";
				PRODUCT_NAME = "$(TARGET_NAME)";
				STRING_CATALOG_GENERATE_SYMBOLS = NO;
				SWIFT_APPROACHABLE_CONCURRENCY = YES;
				SWIFT_EMIT_LOC_STRINGS = NO;
				SWIFT_UPCOMING_FEATURE_MEMBER_IMPORT_VISIBILITY = YES;
				SWIFT_VERSION = 5.0;
				TARGETED_DEVICE_FAMILY = "1,2";
				TEST_TARGET_NAME = "04-App-Development-Swift";
			};
			name = Release;
		};
/* End XCBuildConfiguration section */

/* Begin XCConfigurationList section */
		B77C36172F0D41B3001D1920 /* Build configuration list for PBXProject "04-App-Development-Swift" */ = {
			isa = XCConfigurationList;
			buildConfigurations = (
				B77C36482F0D41B7001D1920 /* Debug */,
				B77C36492F0D41B7001D1920 /* Release */,
			);
			defaultConfigurationIsVisible = 0;
			defaultConfigurationName = Release;
		};
		B77C36452F0D41B7001D1920 /* Build configuration list for PBXNativeTarget "04-App-Development-Swift" */ = {
			isa = XCConfigurationList;
			buildConfigurations = (
				B77C36462F0D41B7001D1920 /* Debug */,
				B77C36472F0D41B7001D1920 /* Release */,
			);
			defaultConfigurationIsVisible = 0;
			defaultConfigurationName = Release;
		};
		B77C364A2F0D41B7001D1920 /* Build configuration list for PBXNativeTarget "04-App-Development-SwiftTests" */ = {
			isa = XCConfigurationList;
			buildConfigurations = (
				B77C364B2F0D41B7001D1920 /* Debug */,
				B77C364C2F0D41B7001D1920 /* Release */,
			);
			defaultConfigurationIsVisible = 0;
			defaultConfigurationName = Release;
		};
		B77C364D2F0D41B7001D1920 /* Build configuration list for PBXNativeTarget "04-App-Development-SwiftUITests" */ = {
			isa = XCConfigurationList;
			buildConfigurations = (
				B77C364E2F0D41B7001D1920 /* Debug */,
				B77C364F2F0D41B7001D1920 /* Release */,
			);
			defaultConfigurationIsVisible = 0;
			defaultConfigurationName = Release;
		};
/* End XCConfigurationList section */
	};
	rootObject = B77C36142F0D41B3001D1920 /* Project object */;
}
